
Microsoft Visual Studio Solution File, Format Version 12.00
# Visual Studio Version 16
VisualStudioVersion = 16.0.32413.511
MinimumVisualStudioVersion = 10.0.40219.1
Project("{8BC9CEB8-8B4A-11D0-8D11-00A0C91BC942}") = "ForLab1", "ForLab1\ForLab1.vcxproj", "{5BB2C52E-753B-47D1-9452-F9502EB79AB2}"
EndProject
Global
	GlobalSection(SolutionConfigurationPlatforms) = preSolution
		Debug|x64 = Debug|x64
		Debug|x86 = Debug|x86
		Release|x64 = Release|x64
		Release|x86 = Release|x86
	EndGlobalSection
	GlobalSection(ProjectConfigurationPlatforms) = postSolution
		{5BB2C52E-753B-47D1-9452-F9502EB79AB2}.Debug|x64.ActiveCfg = Debug|x64
		{5BB2C52E-753B-47D1-9452-F9502EB79AB2}.Debug|x64.Build.0 = Debug|x64
		{5BB2C52E-753B-47D1-9452-F9502EB79AB2}.Debug|x86.ActiveCfg = Debug|Win32
		{5BB2C52E-753B-47D1-9452-F9502EB79AB2}.Debug|x86.Build.0 = Debug|Win32
		{5BB2C52E-753B-47D1-9452-F9502EB79AB2}.Release|x64.ActiveCfg = Release|x64
		{5BB2C52E-753B-47D1-9452-F9502EB79AB2}.Release|x64.Build.0 = Release|x64
		{5BB2C52E-753B-47D1-9452-F9502EB79AB2}.Release|x86.ActiveCfg = Release|Win32
		{5BB2C52E-753B-47D1-9452-F9502EB79AB2}.Release|x86.Build.0 = Release|Win32
	EndGlobalSection
	GlobalSection(SolutionProperties) = preSolution
		HideSolutionNode = FALSE
	EndGlobalSection
	GlobalSection(ExtensibilityGlobals) = postSolution
		SolutionGuid = {6DEADBCB-4A98-426A-9665-9E1E5AFE09D3}
	EndGlobalSection
EndGlobal
